# THIS IS AN AUTOGENERATED FILE. DO NOT EDIT THIS FILE DIRECTLY.
# yarn lockfile v1


"@cloudflare/kv-asset-handler@0.3.4":
  version "0.3.4"
  resolved "https://pkgs.dev.azure.com/premier-league/_packaging/pl-Shared/npm/registry/@cloudflare/kv-asset-handler/-/kv-asset-handler-0.3.4.tgz"
  integrity sha512-YLPHc8yASwjNkmcDMQMY35yiWjoKAKnhUbPRszBRS0YgH+IXtsMp61j+yTcnCE3oO2DgP0U3iejLC8FTtKDC8Q== sha1-XMFShHyK5NKA7F1/T2uoyXa1hcM=
  dependencies:
    mime "^3.0.0"

"@cloudflare/workerd-darwin-arm64@1.20241106.1":
  version "1.20241106.1"
  resolved "https://pkgs.dev.azure.com/premier-league/_packaging/pl-Shared/npm/registry/@cloudflare/workerd-darwin-arm64/-/workerd-darwin-arm64-1.20241106.1.tgz"
  integrity sha512-j3dg/42D/bPgfNP3cRUBxF+4waCKO/5YKwXNj+lnVOwHxDu+ne5pFw9TIkKYcWTcwn0ZUkbNZNM5rhJqRn4xbg== sha1-w01jBq/FCuLu4+U4Mpr3GSrhfdA=

"@cloudflare/workers-shared@0.7.1":
  version "0.7.1"
  resolved "https://pkgs.dev.azure.com/premier-league/_packaging/pl-Shared/npm/registry/@cloudflare/workers-shared/-/workers-shared-0.7.1.tgz"
  integrity sha512-46cP5FCrl3TrvHeoHLb5SRuiDMKH5kc9Yvo36SAfzt8dqJI/qJRoY1GP3ioHn/gP7v2QIoUOTAzIl7Ml7MnfrA== sha1-zzLKr1iAjZ42+evIuqhKlpmziPI=
  dependencies:
    mime "^3.0.0"
    zod "^3.22.3"

"@cloudflare/workers-types@^4.20240614.0", "@cloudflare/workers-types@^4.20241106.0":
  version "4.20241112.0"
  resolved "https://pkgs.dev.azure.com/premier-league/_packaging/pl-Shared/npm/registry/@cloudflare/workers-types/-/workers-types-4.20241112.0.tgz"
  integrity sha512-Q4p9bAWZrX14bSCKY9to19xl0KMU7nsO5sJ2cTVspHoypsjPUMeQCsjHjmsO2C4Myo8/LPeDvmqFmkyNAPPYZw== sha1-F0+My/4cwuB7hmIvgrhGmPYtFMc=

"@cspotcode/source-map-support@0.8.1":
  version "0.8.1"
  resolved "https://pkgs.dev.azure.com/premier-league/_packaging/pl-Shared/npm/registry/@cspotcode/source-map-support/-/source-map-support-0.8.1.tgz"
  integrity sha512-IchNf6dN4tHoMFIn/7OE8LWZ19Y6q/67Bmf6vnGREv8RSbBVb9LPJxEcnwrcwX6ixSvaiGoomAUvu4YSxXrVgw== sha1-AGKcNaaI4FqIsc2mhPudXnPwAKE=
  dependencies:
    "@jridgewell/trace-mapping" "0.3.9"

"@esbuild-plugins/node-globals-polyfill@^0.2.3":
  version "0.2.3"
  resolved "https://pkgs.dev.azure.com/premier-league/_packaging/pl-Shared/npm/registry/@esbuild-plugins/node-globals-polyfill/-/node-globals-polyfill-0.2.3.tgz"
  integrity sha512-r3MIryXDeXDOZh7ih1l/yE9ZLORCd5e8vWg02azWRGj5SPTuoh69A2AIyn0Z31V/kHBfZ4HgWJ+OK3GTTwLmnw== sha1-DkSXorU8npSF4Um8kt2yKEONa88=

"@esbuild-plugins/node-modules-polyfill@^0.2.2":
  version "0.2.2"
  resolved "https://pkgs.dev.azure.com/premier-league/_packaging/pl-Shared/npm/registry/@esbuild-plugins/node-modules-polyfill/-/node-modules-polyfill-0.2.2.tgz"
  integrity sha512-LXV7QsWJxRuMYvKbiznh+U1ilIop3g2TeKRzUxOG5X3YITc8JyyTa90BmLwqqv0YnX4v32CSlG+vsziZp9dMvA== sha1-zvo9wL0cFid6gzi1KDNCDJSYcyc=
  dependencies:
    escape-string-regexp "^4.0.0"
    rollup-plugin-node-polyfills "^0.2.1"

"@esbuild/darwin-arm64@0.17.19":
  version "0.17.19"
  resolved "https://pkgs.dev.azure.com/premier-league/_packaging/pl-Shared/npm/registry/@esbuild/darwin-arm64/-/darwin-arm64-0.17.19.tgz"
  integrity sha512-80wEoCfF/hFKM6WE1FyBHc9SfUblloAWx6FJkFWTWiCoht9Mc0ARGEM47e67W9rI09YoUxJL68WHfDRYEAvOhg== sha1-WEw0xZkbldTUjTMzALGk4v974nY=

"@esbuild/darwin-arm64@0.23.1":
  version "0.23.1"
  resolved "https://pkgs.dev.azure.com/premier-league/_packaging/pl-Shared/npm/registry/@esbuild/darwin-arm64/-/darwin-arm64-0.23.1.tgz"
  integrity sha512-YsS2e3Wtgnw7Wq53XXBLcV6JhRsEq8hkfg91ESVadIrzr9wO6jJDMZnCQbHm1Guc5t/CdDiFSSfWP58FNuvT3Q== sha1-BbF/kah+VXtGipx16dhasQwSGxY=

"@fastify/busboy@^2.0.0":
  version "2.1.1"
  resolved "https://pkgs.dev.azure.com/premier-league/_packaging/pl-Shared/npm/registry/@fastify/busboy/-/busboy-2.1.1.tgz"
  integrity sha512-vBZP4NlzfOlerQTnba4aqZoMhE/a9HY7HRqoOPaETQcSQuWEIyZMHGfVu6w9wGtGK5fED5qRs2DteVCjOH60sA== sha1-udpqh4o3GCmgUCybbBwUPvZmP00=

"@jridgewell/resolve-uri@^3.0.3":
  version "3.1.2"
  resolved "https://pkgs.dev.azure.com/premier-league/_packaging/pl-Shared/npm/registry/@jridgewell/resolve-uri/-/resolve-uri-3.1.2.tgz"
  integrity sha512-bRISgCIjP20/tbWSPWMEi54QVPRZExkuD9lJL+UIxUKtwVJA8wW1Trb1jMs1RFXo1CBTNZ/5hpC9QvmKWdopKw== sha1-eg7mAfYPmaIMfHxf8MgDiMEYm9Y=

"@jridgewell/sourcemap-codec@^1.4.10":
  version "1.5.0"
  resolved "https://pkgs.dev.azure.com/premier-league/_packaging/pl-Shared/npm/registry/@jridgewell/sourcemap-codec/-/sourcemap-codec-1.5.0.tgz"
  integrity sha512-gv3ZRaISU3fjPAgNsriBRqGWQL6quFx04YMPW/zD8XMLsU32mhCCbfbO6KZFLjvYpCZ8zyDEgqsgf+PwPaM7GQ== sha1-MYi8snOkFLDSFf0ipYVAuYm5QJo=

"@jridgewell/trace-mapping@0.3.9":
  version "0.3.9"
  resolved "https://pkgs.dev.azure.com/premier-league/_packaging/pl-Shared/npm/registry/@jridgewell/trace-mapping/-/trace-mapping-0.3.9.tgz"
  integrity sha512-3Belt6tdc8bPgAtbcmdtNJlirVoTmEb5e2gC94PnkwEW9jI6CAHUeoG85tjWP5WquqfavoMtMwiG4P926ZKKuQ== sha1-ZTT9WTOlO6fL86F2FeJzoNEnP/k=
  dependencies:
    "@jridgewell/resolve-uri" "^3.0.3"
    "@jridgewell/sourcemap-codec" "^1.4.10"

"@types/node-forge@^1.3.0":
  version "1.3.11"
  resolved "https://pkgs.dev.azure.com/premier-league/_packaging/pl-Shared/npm/registry/@types/node-forge/-/node-forge-1.3.11.tgz"
  integrity sha512-FQx220y22OKNTqaByeBGqHWYz4cl94tpcxeFdvBo3wjG6XPBuZ0BNgNZRV5J5TFmmcsJ4IzsLkmGRiQbnYsBEQ== sha1-CXLqU43bD02cL6DsXbVyR3OmBNo=
  dependencies:
    "@types/node" "*"

"@types/node@*", "@types/node@^20.14.2":
  version "20.17.6"
  resolved "https://pkgs.dev.azure.com/premier-league/_packaging/pl-Shared/npm/registry/@types/node/-/node-20.17.6.tgz"
  integrity sha512-VEI7OdvK2wP7XHnsuXbAJnEpEkF6NjSN45QJlL4VGqZSXsnicpesdTWsg9RISeSdYd3yeRj/y3k5KGjUXYnFwQ== sha1-bkBzIwwYDTV56MYBQfme/fXfAIE=
  dependencies:
    undici-types "~6.19.2"

acorn-walk@^8.2.0:
  version "8.3.4"
  resolved "https://pkgs.dev.azure.com/premier-league/_packaging/pl-Shared/npm/registry/acorn-walk/-/acorn-walk-8.3.4.tgz"
  integrity sha512-ueEepnujpqee2o5aIYnvHU6C0A42MNdsIDeqy5BydrkuC5R1ZuUFnm27EeFJGoEHJQgn3uleRvmTXaJgfXbt4g== sha1-eU3RacOXft9LpOpHWDWHxYZiNrc=
  dependencies:
    acorn "^8.11.0"

acorn@^8.11.0, acorn@^8.8.0:
  version "8.14.0"
  resolved "https://pkgs.dev.azure.com/premier-league/_packaging/pl-Shared/npm/registry/acorn/-/acorn-8.14.0.tgz"
  integrity sha512-cl669nCJTZBsL97OF4kUQm5g5hC2uihk0NxY3WENAC0TYdILVkAyHymAntgxGkl7K+t0cXIrH5siy5S4XkFycA== sha1-Bj4scMrF+09kZ/CxEVLgTGgnlbA=

as-table@^1.0.36:
  version "1.0.55"
  resolved "https://pkgs.dev.azure.com/premier-league/_packaging/pl-Shared/npm/registry/as-table/-/as-table-1.0.55.tgz"
  integrity sha512-xvsWESUJn0JN421Xb9MQw6AsMHRCUknCe0Wjlxvjud80mU4E6hQf1A6NzQKcYNmYw62MfzEtXc+badstZP3JpQ== sha1-3JhNo5N3Rd6QLOodRYQ8Ab277E8=
  dependencies:
    printable-characters "^1.0.42"

asynckit@^0.4.0:
  version "0.4.0"
  resolved "https://pkgs.dev.azure.com/premier-league/_packaging/pl-Shared/npm/registry/asynckit/-/asynckit-0.4.0.tgz"
  integrity sha512-Oei9OH4tRh0YqU3GxhX79dM/mwVgvbZJaSNaRk+bshkj0S5cfHcgYakreBjrHwatXKbz+IoIdYLxrKim2MjW0Q== sha1-x57Zf380y48robyXkLzDZkdLS3k=

axios-retry@^4.4.1:
  version "4.5.0"
  resolved "https://pkgs.dev.azure.com/premier-league/_packaging/pl-Shared/npm/registry/axios-retry/-/axios-retry-4.5.0.tgz"
  integrity sha512-aR99oXhpEDGo0UuAlYcn2iGRds30k366Zfa05XWScR9QaQD4JYiP3/1Qt1u7YlefUOK+cn0CcwoL1oefavQUlQ== sha1-RB/cMs7fY9ar1d5dU9s2Z6/Uw5s=
  dependencies:
    is-retry-allowed "^2.2.0"

axios@^1.7.2, "axios@0.x || 1.x":
  version "1.7.7"
  resolved "https://pkgs.dev.azure.com/premier-league/_packaging/pl-Shared/npm/registry/axios/-/axios-1.7.7.tgz"
  integrity sha512-S4kL7XrjgBmvdGut0sN3yJxqYzrDOnivkBiN0OFs6hLiUam3UPvswUo0kqGyhqUZGEOytHyumEdXsAkgCOUf3Q== sha1-L1VClvmJKnKsjY5MW3nBSpHQpH8=
  dependencies:
    follow-redirects "^1.15.6"
    form-data "^4.0.0"
    proxy-from-env "^1.1.0"

blake3-wasm@^2.1.5:
  version "2.1.5"
  resolved "https://pkgs.dev.azure.com/premier-league/_packaging/pl-Shared/npm/registry/blake3-wasm/-/blake3-wasm-2.1.5.tgz"
  integrity sha512-F1+K8EbfOZE49dtoPtmxUQrpXaBIl3ICvasLh+nJta0xkz+9kF/7uet9fLnwKqhDrmj6g+6K3Tw9yQPUg2ka5g== sha1-si27hLyUGe0BWcqnavSxsTLmulI=

capnp-ts@^0.7.0:
  version "0.7.0"
  resolved "https://pkgs.dev.azure.com/premier-league/_packaging/pl-Shared/npm/registry/capnp-ts/-/capnp-ts-0.7.0.tgz"
  integrity sha512-XKxXAC3HVPv7r674zP0VC3RTXz+/JKhfyw94ljvF80yynK6VkTnqE3jMuN8b3dUVmmc43TjyxjW4KTsmB3c86g== sha1-Fv2OdrZn0AKvj89L+SvxXRp7VKk=
  dependencies:
    debug "^4.3.1"
    tslib "^2.2.0"

chokidar@^4.0.1:
  version "4.0.1"
  resolved "https://pkgs.dev.azure.com/premier-league/_packaging/pl-Shared/npm/registry/chokidar/-/chokidar-4.0.1.tgz"
  integrity sha512-n8enUVCED/KVRQlab1hr3MVpcVMvxtZjmEa956u+4YijlmQED223XMSYj2tLuKvr4jcCTzNNMpQDUer72MMmzA== sha1-Sm3/ZnmPsPcqlPYWq71+GhnzHUE=
  dependencies:
    readdirp "^4.0.1"

combined-stream@^1.0.8:
  version "1.0.8"
  resolved "https://pkgs.dev.azure.com/premier-league/_packaging/pl-Shared/npm/registry/combined-stream/-/combined-stream-1.0.8.tgz"
  integrity sha512-FQN4MRfuJeHf7cBbBMJFXhKSDq+2kAArBlmRBvcvFE5BB1HZKXtSFASDhdlz9zOYwxh8lDdnvmMOe/+5cdoEdg== sha1-w9RaizT9cwYxoRCoolIGgrMdWn8=
  dependencies:
    delayed-stream "~1.0.0"

cookie@^0.7.1:
  version "0.7.2"
  resolved "https://pkgs.dev.azure.com/premier-league/_packaging/pl-Shared/npm/registry/cookie/-/cookie-0.7.2.tgz"
  integrity sha512-yki5XnKuf750l50uGTllt6kKILY4nQ1eNIQatoXEByZ5dWgnKqbnqmTrBE5B4N7lrMJKQ2ytWMiTO2o0v6Ew/w== sha1-VWNpxHKiupEPKXmJG1JrNDYjftc=

csv-parse@^5.5.6:
  version "5.5.6"
  resolved "https://pkgs.dev.azure.com/premier-league/_packaging/pl-Shared/npm/registry/csv-parse/-/csv-parse-5.5.6.tgz"
  integrity sha512-uNpm30m/AGSkLxxy7d9yRXpJQFrZzVWLFBkS+6ngPcZkw/5k3L/jjFuj7tVnEpRn+QgmiXr21nDlhCiUK4ij2A== sha1-DXJtWKYEFjYTWO7Ckan5Or4Laxo=

data-uri-to-buffer@^2.0.0:
  version "2.0.2"
  resolved "https://pkgs.dev.azure.com/premier-league/_packaging/pl-Shared/npm/registry/data-uri-to-buffer/-/data-uri-to-buffer-2.0.2.tgz"
  integrity sha512-ND9qDTLc6diwj+Xe5cdAgVTbLVdXbtxTJRXRhli8Mowuaan+0EJOtdqJ0QCHNSSPyoXGx9HX2/VMnKeC34AChA== sha1-0paXPVpIl6Xb4xcW0RghGSHwR3A=

date-fns@^4.1.0:
  version "4.1.0"
  resolved "https://pkgs.dev.azure.com/premier-league/_packaging/pl-Shared/npm/registry/date-fns/-/date-fns-4.1.0.tgz"
  integrity sha512-Ukq0owbQXxa/U3EGtsdVBkR1w7KOQ5gIBqdH2hkvknzZPYvBxb/aa6E8L7tmjFtkwZBu3UXBbjIgPo/Ez4xaNg== sha1-ZLPYP/9aqAQ49bGmM8LoO4ocLRQ=

dayjs@^1.11.10:
  version "1.11.13"
  resolved "https://pkgs.dev.azure.com/premier-league/_packaging/pl-Shared/npm/registry/dayjs/-/dayjs-1.11.13.tgz"
  integrity sha512-oaMBel6gjolK862uaPQOVTA7q3TZhuSvuMQAAglQDOWYO9A91IrAOUJEyKVlqJlHE0vq5p5UXxzdPfMH/x6xNg== sha1-kkMLATkFXD67YBUKoT6GCktaNmw=

debug@^4.3.1:
  version "4.3.7"
  resolved "https://pkgs.dev.azure.com/premier-league/_packaging/pl-Shared/npm/registry/debug/-/debug-4.3.7.tgz"
  integrity sha512-Er2nc/H7RrMXZBFCEim6TCmMk02Z8vLC2Rbi1KEBggpo0fS6l0S1nnapwmIi3yW/+GOJap1Krg4w0Hg80oCqgQ== sha1-h5RbQVGgEddtlaGY1xEchlw2ClI=
  dependencies:
    ms "^2.1.3"

defu@^6.1.4:
  version "6.1.4"
  resolved "https://pkgs.dev.azure.com/premier-league/_packaging/pl-Shared/npm/registry/defu/-/defu-6.1.4.tgz"
  integrity sha512-mEQCMmwJu317oSz8CwdIOdwf3xMif1ttiM8LTufzc3g6kR+9Pe236twL8j3IYT1F7GfRgGcW6MWxzZjLIkuHIg== sha1-Tgyc+f9o/l89fydlzBoBLf3LBHk=

delayed-stream@~1.0.0:
  version "1.0.0"
  resolved "https://pkgs.dev.azure.com/premier-league/_packaging/pl-Shared/npm/registry/delayed-stream/-/delayed-stream-1.0.0.tgz"
  integrity sha512-ZySD7Nf91aLB0RxL4KGrKHBXl7Eds1DAmEdcoVawXnLD7SDhpNgtuII2aAkg7a7QS41jxPSZ17p4VdGnMHk3MQ== sha1-3zrhmayt+31ECqrgsp4icrJOxhk=

dotenv@^16.4.5:
  version "16.4.5"
  resolved "https://pkgs.dev.azure.com/premier-league/_packaging/pl-Shared/npm/registry/dotenv/-/dotenv-16.4.5.tgz"
  integrity sha512-ZmdL2rui+eB2YwhsWzjInR8LldtZHGDoQ1ugH85ppHKwpUHL7j7rN0Ti9NCnGiQbhaZ11FpR+7ao1dNsmduNUg== sha1-zdOztgTLMn4oa0di4TUC9xfLCZ8=

esbuild@*, esbuild@~0.23.0:
  version "0.23.1"
  resolved "https://pkgs.dev.azure.com/premier-league/_packaging/pl-Shared/npm/registry/esbuild/-/esbuild-0.23.1.tgz"
  integrity sha512-VVNz/9Sa0bs5SELtn3f7qhJCDPCF5oMEl5cO9/SSinpE9hbPVvxbd572HH5AKiP7WD8INO53GgfDDhRjkylHEg== sha1-QP3D+SZewL6ub1mCSt4b09PS2rg=
  optionalDependencies:
    "@esbuild/aix-ppc64" "0.23.1"
    "@esbuild/android-arm" "0.23.1"
    "@esbuild/android-arm64" "0.23.1"
    "@esbuild/android-x64" "0.23.1"
    "@esbuild/darwin-arm64" "0.23.1"
    "@esbuild/darwin-x64" "0.23.1"
    "@esbuild/freebsd-arm64" "0.23.1"
    "@esbuild/freebsd-x64" "0.23.1"
    "@esbuild/linux-arm" "0.23.1"
    "@esbuild/linux-arm64" "0.23.1"
    "@esbuild/linux-ia32" "0.23.1"
    "@esbuild/linux-loong64" "0.23.1"
    "@esbuild/linux-mips64el" "0.23.1"
    "@esbuild/linux-ppc64" "0.23.1"
    "@esbuild/linux-riscv64" "0.23.1"
    "@esbuild/linux-s390x" "0.23.1"
    "@esbuild/linux-x64" "0.23.1"
    "@esbuild/netbsd-x64" "0.23.1"
    "@esbuild/openbsd-arm64" "0.23.1"
    "@esbuild/openbsd-x64" "0.23.1"
    "@esbuild/sunos-x64" "0.23.1"
    "@esbuild/win32-arm64" "0.23.1"
    "@esbuild/win32-ia32" "0.23.1"
    "@esbuild/win32-x64" "0.23.1"

esbuild@0.17.19:
  version "0.17.19"
  resolved "https://pkgs.dev.azure.com/premier-league/_packaging/pl-Shared/npm/registry/esbuild/-/esbuild-0.17.19.tgz"
  integrity sha512-XQ0jAPFkK/u3LcVRcvVHQcTIqD6E2H1fvZMA5dQPSOWb3suUbWbfbRf94pjc0bNzRYLfIrDRQXr7X+LHIm5oHw== sha1-CHpyfpgpnwRio9C83ZzX/xAL2VU=
  optionalDependencies:
    "@esbuild/android-arm" "0.17.19"
    "@esbuild/android-arm64" "0.17.19"
    "@esbuild/android-x64" "0.17.19"
    "@esbuild/darwin-arm64" "0.17.19"
    "@esbuild/darwin-x64" "0.17.19"
    "@esbuild/freebsd-arm64" "0.17.19"
    "@esbuild/freebsd-x64" "0.17.19"
    "@esbuild/linux-arm" "0.17.19"
    "@esbuild/linux-arm64" "0.17.19"
    "@esbuild/linux-ia32" "0.17.19"
    "@esbuild/linux-loong64" "0.17.19"
    "@esbuild/linux-mips64el" "0.17.19"
    "@esbuild/linux-ppc64" "0.17.19"
    "@esbuild/linux-riscv64" "0.17.19"
    "@esbuild/linux-s390x" "0.17.19"
    "@esbuild/linux-x64" "0.17.19"
    "@esbuild/netbsd-x64" "0.17.19"
    "@esbuild/openbsd-x64" "0.17.19"
    "@esbuild/sunos-x64" "0.17.19"
    "@esbuild/win32-arm64" "0.17.19"
    "@esbuild/win32-ia32" "0.17.19"
    "@esbuild/win32-x64" "0.17.19"

escape-string-regexp@^4.0.0:
  version "4.0.0"
  resolved "https://pkgs.dev.azure.com/premier-league/_packaging/pl-Shared/npm/registry/escape-string-regexp/-/escape-string-regexp-4.0.0.tgz"
  integrity sha512-TtpcNJ3XAzx3Gq8sWRzJaVajRs0uVxA2YAkdb1jm2YkPz4G6egUFAyA3n5vtEIZefPk5Wa4UXbKuS5fKkJWdgA== sha1-FLqDpdNz49MR5a/KKc9b+tllvzQ=

estree-walker@^0.6.1:
  version "0.6.1"
  resolved "https://pkgs.dev.azure.com/premier-league/_packaging/pl-Shared/npm/registry/estree-walker/-/estree-walker-0.6.1.tgz"
  integrity sha512-SqmZANLWS0mnatqbSfRP5g8OXZC12Fgg1IwNtLsyHDzJizORW4khDfjPqJZsemPWBB2uqykUah5YpQ6epsqC/w== sha1-UwSRQ/QMbrkYsjZx0f4yGfOhs2I=

exit-hook@^2.2.1:
  version "2.2.1"
  resolved "https://pkgs.dev.azure.com/premier-league/_packaging/pl-Shared/npm/registry/exit-hook/-/exit-hook-2.2.1.tgz"
  integrity sha512-eNTPlAD67BmP31LDINZ3U7HSF8l57TxOY2PmBJ1shpCvpnxBF93mWCE8YHBnXs8qiUZJc9WDcWIeC3a2HIAMfw== sha1-AHstksZCjtorducBajQ1FYaTRZM=

fetch-ponyfill@^7.1.0:
  version "7.1.0"
  resolved "https://pkgs.dev.azure.com/premier-league/_packaging/pl-Shared/npm/registry/fetch-ponyfill/-/fetch-ponyfill-7.1.0.tgz"
  integrity sha512-FhbbL55dj/qdVO3YNK7ZEkshvj3eQ7EuIGV2I6ic/2YiocvyWv+7jg2s4AyS0wdRU75s3tA8ZxI/xPigb0v5Aw== sha1-QmbtSLTmRmOlCrf3/Ljnb5kFJtA=
  dependencies:
    node-fetch "~2.6.1"

follow-redirects@^1.15.6:
  version "1.15.9"
  resolved "https://pkgs.dev.azure.com/premier-league/_packaging/pl-Shared/npm/registry/follow-redirects/-/follow-redirects-1.15.9.tgz"
  integrity sha512-gew4GsXizNgdoRyqmyfMHyAmXsZDk6mHkSxZFCzW9gwlbtOW44CDtYavM+y+72qD/Vq2l550kMF52DT8fOLJqQ== sha1-pgT6EORDv5jKlCKNnuvMLoosjuE=

form-data@^4.0.0:
  version "4.0.1"
  resolved "https://pkgs.dev.azure.com/premier-league/_packaging/pl-Shared/npm/registry/form-data/-/form-data-4.0.1.tgz"
  integrity sha512-tzN8e4TX8+kkxGPK8D5u0FNmjPUjw3lwC9lSLxxoB/+GtsJG91CO8bSWy73APlgAZzZbXEYZJuxjkHH2w+Ezhw== sha1-uhB22qqlv9fpnBpssCqgpc/5DUg=
  dependencies:
    asynckit "^0.4.0"
    combined-stream "^1.0.8"
    mime-types "^2.1.12"

fsevents@~2.3.2, fsevents@~2.3.3:
  version "2.3.3"
  resolved "https://pkgs.dev.azure.com/premier-league/_packaging/pl-Shared/npm/registry/fsevents/-/fsevents-2.3.3.tgz"
  integrity sha512-5xoDfX+fL7faATnagmWPpbFtwh/R77WmMMqqHGS65C3vvB0YHrgF+B1YmZ3441tMj5n63k0212XNoJwzlhffQw== sha1-ysZAd4XQNnWipeGlMFxpezR9kNY=

function-bind@^1.1.2:
  version "1.1.2"
  resolved "https://pkgs.dev.azure.com/premier-league/_packaging/pl-Shared/npm/registry/function-bind/-/function-bind-1.1.2.tgz"
  integrity sha512-7XHNxH7qX9xG5mIwxkhumTox/MIRNcOgDrxWsMt2pAr23WHp6MrRlN7FBSFpCpr+oVO0F744iUgR82nJMfG2SA== sha1-LALYZNl/PqbIgwxGTL0Rq26rehw=

get-source@^2.0.12:
  version "2.0.12"
  resolved "https://pkgs.dev.azure.com/premier-league/_packaging/pl-Shared/npm/registry/get-source/-/get-source-2.0.12.tgz"
  integrity sha512-X5+4+iD+HoSeEED+uwrQ07BOQr0kEDFMVqqpBuI+RaZBpBpHCuXxo70bjar6f0b0u/DQJsJ7ssurpP0V60Az+w== sha1-C0fVfqHlPODTpp9PPSd+uAR9qUQ=
  dependencies:
    data-uri-to-buffer "^2.0.0"
    source-map "^0.6.1"

get-tsconfig@^4.7.5:
  version "4.8.1"
  resolved "https://pkgs.dev.azure.com/premier-league/_packaging/pl-Shared/npm/registry/get-tsconfig/-/get-tsconfig-4.8.1.tgz"
  integrity sha512-k9PN+cFBmaLWtVz29SkUoqU5O0slLuHJXt/2P+tMVFT+phsSGXGkp9t3rQIqdz0e+06EHNGs3oM6ZX1s2zHxRg== sha1-iZXrORrm4WONJREYx7Vt5+tCVHE=
  dependencies:
    resolve-pkg-maps "^1.0.0"

glob-to-regexp@^0.4.1:
  version "0.4.1"
  resolved "https://pkgs.dev.azure.com/premier-league/_packaging/pl-Shared/npm/registry/glob-to-regexp/-/glob-to-regexp-0.4.1.tgz"
  integrity sha512-lkX1HJXwyMcprw/5YUZc2s7DrpAiHB21/V+E1rHUrVNokkvB6bqMzT0VfV6/86ZNabt1k14YOIaT7nDvOX3Iiw== sha1-x1KXCHyFG5pXi9IX3VmpL1n+VG4=

hasown@^2.0.2:
  version "2.0.2"
  resolved "https://pkgs.dev.azure.com/premier-league/_packaging/pl-Shared/npm/registry/hasown/-/hasown-2.0.2.tgz"
  integrity sha512-0hJU9SCPvmMzIBdZFqNPXWa6dqh7WdH0cII9y+CyS8rG3nL48Bclra9HmKhVVUHyPWNH5Y7xDwAB7bfgSjkUMQ== sha1-AD6vkb563DcuhOxZ3DclLO24AAM=
  dependencies:
    function-bind "^1.1.2"

is-core-module@^2.13.0:
  version "2.15.1"
  resolved "https://pkgs.dev.azure.com/premier-league/_packaging/pl-Shared/npm/registry/is-core-module/-/is-core-module-2.15.1.tgz"
  integrity sha512-z0vtXSwucUJtANQWldhbtbt7BnL0vxiFjIdDLAatwhDYty2bad6s+rijD6Ri4YuYJubLzIJLUidCh09e1djEVQ== sha1-pzY6Jb7pQv76sN4Tv2qjcsgtzDc=
  dependencies:
    hasown "^2.0.2"

is-retry-allowed@^2.2.0:
  version "2.2.0"
  resolved "https://pkgs.dev.azure.com/premier-league/_packaging/pl-Shared/npm/registry/is-retry-allowed/-/is-retry-allowed-2.2.0.tgz"
  integrity sha512-XVm7LOeLpTW4jV19QSH38vkswxoLud8sQ57YwJVTPWdiaI9I8keEhGFpBlslyVsgdQy4Opg8QOLb8YRgsyZiQg== sha1-iPNMvSNuBD5xtpMtCbDGX7e01x0=

itty-time@^1.0.6:
  version "1.0.6"
  resolved "https://pkgs.dev.azure.com/premier-league/_packaging/pl-Shared/npm/registry/itty-time/-/itty-time-1.0.6.tgz"
  integrity sha512-+P8IZaLLBtFv8hCkIjcymZOp4UJ+xW6bSlQsXGqrkmJh7vSiMFSlNne0mCYagEE0N7HDNR5jJBRxwN0oYv61Rw== sha1-pu7aYZ8Z0vTEgM7d0BO5OssFcU0=

magic-string@^0.25.3:
  version "0.25.9"
  resolved "https://pkgs.dev.azure.com/premier-league/_packaging/pl-Shared/npm/registry/magic-string/-/magic-string-0.25.9.tgz"
  integrity sha512-RmF0AsMzgt25qzqqLc1+MbHmhdx0ojF2Fvs4XnOqz2ZOBXzzkEwc/dJQZCYHAn7v1jbVOjAZfK8msRn4BxO4VQ== sha1-3n+fr5HvihyR0CwuUxTIJ3283Rw=
  dependencies:
    sourcemap-codec "^1.4.8"

mime-db@1.52.0:
  version "1.52.0"
  resolved "https://pkgs.dev.azure.com/premier-league/_packaging/pl-Shared/npm/registry/mime-db/-/mime-db-1.52.0.tgz"
  integrity sha512-sPU4uV7dYlvtWJxwwxHD0PuihVNiE7TyAbQ5SWxDCB9mUYvOgroQOwYQQOKPJ8CIbE+1ETVlOoK1UC2nU3gYvg== sha1-u6vNwChZ9JhzAchW4zh85exDv3A=

mime-types@^2.1.12:
  version "2.1.35"
  resolved "https://pkgs.dev.azure.com/premier-league/_packaging/pl-Shared/npm/registry/mime-types/-/mime-types-2.1.35.tgz"
  integrity sha512-ZDY+bPm5zTTF+YpCrAU9nK0UgICYPT0QtT1NZWFv4s++TNkcgVaT0g6+4R2uI4MjQjzysHB1zxuWL50hzaeXiw== sha1-OBqHG2KnNEUGYK497uRIE/cNlZo=
  dependencies:
    mime-db "1.52.0"

mime@^3.0.0:
  version "3.0.0"
  resolved "https://pkgs.dev.azure.com/premier-league/_packaging/pl-Shared/npm/registry/mime/-/mime-3.0.0.tgz"
  integrity sha512-jSCU7/VB1loIWBZe14aEYHU/+1UMEHoaO7qxCOVJOw9GgH72VAWppxNcjU+x9a2k3GSIBXNKxXQFqRvvZ7vr3A== sha1-s3RVDco6DBhEOwyVCmpY8ZMc96c=

miniflare@3.20241106.0:
  version "3.20241106.0"
  resolved "https://pkgs.dev.azure.com/premier-league/_packaging/pl-Shared/npm/registry/miniflare/-/miniflare-3.20241106.0.tgz"
  integrity sha512-PjOoJKjUUofCueQskfhXlGvvHxZj36UAJAp1DnquMK88MFF50zCULblh0KXMSNM+bXeQYA94Gj06a7kfmBGxPw== sha1-1phU5yZ4YkaN/AV8I8pXv3gB6J0=
  dependencies:
    "@cspotcode/source-map-support" "0.8.1"
    acorn "^8.8.0"
    acorn-walk "^8.2.0"
    capnp-ts "^0.7.0"
    exit-hook "^2.2.1"
    glob-to-regexp "^0.4.1"
    stoppable "^1.1.0"
    undici "^5.28.4"
    workerd "1.20241106.1"
    ws "^8.18.0"
    youch "^3.2.2"
    zod "^3.22.3"

ms@^2.1.3:
  version "2.1.3"
  resolved "https://pkgs.dev.azure.com/premier-league/_packaging/pl-Shared/npm/registry/ms/-/ms-2.1.3.tgz"
  integrity sha512-6FlzubTLZG3J2a/NVCAleEhjzq5oxgHyaCU9yYXvcLsvoVaHJq/s5xXI6/XXP6tz7R9xAOtHnSO/tXtF3WRTlA== sha1-V0yBOM4dK1hh8LRFedut1gxmFbI=

mustache@^4.2.0:
  version "4.2.0"
  resolved "https://pkgs.dev.azure.com/premier-league/_packaging/pl-Shared/npm/registry/mustache/-/mustache-4.2.0.tgz"
  integrity sha512-71ippSywq5Yb7/tVYyGbkBggbU8H3u5Rz56fH60jGFgr8uHwxs+aSKeqmluIVzM0m0kB7xQjKS6qPfd0b2ZoqQ== sha1-5YkjJNYKEuycKnM1ntylKXK/b2Q=

nanoid@^3.3.3:
  version "3.3.7"
  resolved "https://pkgs.dev.azure.com/premier-league/_packaging/pl-Shared/npm/registry/nanoid/-/nanoid-3.3.7.tgz"
  integrity sha512-eSRppjcPIatRIMC1U6UngP8XFcz8MQWGQdt1MTBQ7NaAmvXDfvNxbvWV3x2y6CdEUciCSsDHDQZbhYaB8QEo2g== sha1-0MMBppG8jVTvoKIibM8/4v1la9g=

node-fetch@~2.6.1:
  version "2.6.13"
  resolved "https://pkgs.dev.azure.com/premier-league/_packaging/pl-Shared/npm/registry/node-fetch/-/node-fetch-2.6.13.tgz"
  integrity sha512-StxNAxh15zr77QvvkmveSQ8uCQ4+v5FkvNTj0OESmiHu+VRi/gXArXtkWMElOsOUNLtUEvI4yS+rdtOHZTwlQA== sha1-ogrLvsc8Lgn5AH3lzaFxBBIuABA=
  dependencies:
    whatwg-url "^5.0.0"

node-forge@^1:
  version "1.3.1"
  resolved "https://pkgs.dev.azure.com/premier-league/_packaging/pl-Shared/npm/registry/node-forge/-/node-forge-1.3.1.tgz"
  integrity sha512-dPEtOeMvF9VMcYV/1Wb8CPoVAXtp6MKMlcbAt4ddqmGqUJ6fQZFXkNZNkNlfevtNkGtaSoXf/vNNNSvgrdXwtA== sha1-vo2iryQ7JBfV9kancGY6krfp3tM=

ohash@^1.1.4:
  version "1.1.4"
  resolved "https://pkgs.dev.azure.com/premier-league/_packaging/pl-Shared/npm/registry/ohash/-/ohash-1.1.4.tgz"
  integrity sha512-FlDryZAahJmEF3VR3w1KogSEdWX3WhA5GPakFx4J81kEAiHyLMpdLLElS8n8dfNadMgAne/MywcvmogzscVt4g== sha1-ro2DAUq4EVfSwoWr93kuKZX63XI=

path-parse@^1.0.7:
  version "1.0.7"
  resolved "https://pkgs.dev.azure.com/premier-league/_packaging/pl-Shared/npm/registry/path-parse/-/path-parse-1.0.7.tgz"
  integrity sha512-LDJzPVEEEPR+y48z93A0Ed0yXb8pAByGWo/k5YYdYgpY2/2EsOsksJrq7lOHxryrVOn1ejG6oAp8ahvOIQD8sw== sha1-+8EUtgykKzDZ2vWFjkvWi77bZzU=

path-to-regexp@^6.3.0:
  version "6.3.0"
  resolved "https://pkgs.dev.azure.com/premier-league/_packaging/pl-Shared/npm/registry/path-to-regexp/-/path-to-regexp-6.3.0.tgz"
  integrity sha512-Yhpw4T9C6hPpgPeA28us07OJeqZ5EzQTkbfwuhsUg0c237RomFoETJgmp2sa3F/41gfLE6G5cqcYwznmeEeOlQ== sha1-K2omozdzeo4UFvknLtB2axwDifQ=

pathe@^1.1.2:
  version "1.1.2"
  resolved "https://pkgs.dev.azure.com/premier-league/_packaging/pl-Shared/npm/registry/pathe/-/pathe-1.1.2.tgz"
  integrity sha512-whLdWMYL2TwI08hn8/ZqAbrVemu0LNaNNJZX73O6qaIdCTfXutsLhMkjdENX0qhsQ9uIimo4/aQOmXkoon2nDQ== sha1-bEy0epRWkuSKHd1uQJTRcFFkN+w=

printable-characters@^1.0.42:
  version "1.0.42"
  resolved "https://pkgs.dev.azure.com/premier-league/_packaging/pl-Shared/npm/registry/printable-characters/-/printable-characters-1.0.42.tgz"
  integrity sha512-dKp+C4iXWK4vVYZmYSd0KBH5F/h1HoZRsbJ82AVKRO3PEo8L4lBS/vLwhVtpwwuYcoIsVY+1JYKR268yn480uQ== sha1-Pxjpd6m9jrN/zE/1ZZ176Qhos9g=

proxy-from-env@^1.1.0:
  version "1.1.0"
  resolved "https://pkgs.dev.azure.com/premier-league/_packaging/pl-Shared/npm/registry/proxy-from-env/-/proxy-from-env-1.1.0.tgz"
  integrity sha512-D+zkORCbA9f1tdWRK0RaCR3GPv50cMxcrz4X8k5LTSUD1Dkw47mKJEZQNunItRTkWwgtaUSo1RVFRIG9ZXiFYg== sha1-4QLxbKNVQkhldV0sno6k8k1Yw+I=

readdirp@^4.0.1:
  version "4.0.2"
  resolved "https://pkgs.dev.azure.com/premier-league/_packaging/pl-Shared/npm/registry/readdirp/-/readdirp-4.0.2.tgz"
  integrity sha512-yDMz9g+VaZkqBYS/ozoBJwaBhTbZo3UNYQHNRw1D3UFQB8oHB4uS/tAODO+ZLjGWmUbKnIlOWO+aaIiAxrUWHA== sha1-OI/MuLdWZdo6v/4tj47Vn+dMIwo=

resolve-pkg-maps@^1.0.0:
  version "1.0.0"
  resolved "https://pkgs.dev.azure.com/premier-league/_packaging/pl-Shared/npm/registry/resolve-pkg-maps/-/resolve-pkg-maps-1.0.0.tgz"
  integrity sha512-seS2Tj26TBVOC2NIc2rOe2y2ZO7efxITtLZcGSOnHHNOQ7CkiUBfw0Iw2ck6xkIhPwLhKNLS8BO+hEpngQlqzw== sha1-YWs9wsVwVrVYjDHN9LPWTbEzcg8=

resolve.exports@^2.0.2:
  version "2.0.2"
  resolved "https://pkgs.dev.azure.com/premier-league/_packaging/pl-Shared/npm/registry/resolve.exports/-/resolve.exports-2.0.2.tgz"
  integrity sha512-X2UW6Nw3n/aMgDVy+0rSqgHlv39WZAlZrXCdnbyEiKm17DSqHX4MmQMaST3FbeWR5FTuRcUwYAziZajji0Y7mg== sha1-+Mk0uOahP1OeOLcJji42E08B6AA=

resolve@^1.22.8:
  version "1.22.8"
  resolved "https://pkgs.dev.azure.com/premier-league/_packaging/pl-Shared/npm/registry/resolve/-/resolve-1.22.8.tgz"
  integrity sha512-oKWePCxqpd6FlLvGV1VU0x7bkPmmCNolxzjMf4NczoDnQcIWrAF+cPtZn5i6n+RfD2d9i0tzpKnG6Yk168yIyw== sha1-tsh6nyqgbfq1Lj1wrIzeMh+lpI0=
  dependencies:
    is-core-module "^2.13.0"
    path-parse "^1.0.7"
    supports-preserve-symlinks-flag "^1.0.0"

rollup-plugin-inject@^3.0.0:
  version "3.0.2"
  resolved "https://pkgs.dev.azure.com/premier-league/_packaging/pl-Shared/npm/registry/rollup-plugin-inject/-/rollup-plugin-inject-3.0.2.tgz"
  integrity sha512-ptg9PQwzs3orn4jkgXJ74bfs5vYz1NCZlSQMBUA0wKcGp5i5pA1AO3fOUEte8enhGUC+iapTCzEWw2jEFFUO/w== sha1-5CM4Vb+6bAwSoxL9Zknf+aE+6fQ=
  dependencies:
    estree-walker "^0.6.1"
    magic-string "^0.25.3"
    rollup-pluginutils "^2.8.1"

rollup-plugin-node-polyfills@^0.2.1:
  version "0.2.1"
  resolved "https://pkgs.dev.azure.com/premier-league/_packaging/pl-Shared/npm/registry/rollup-plugin-node-polyfills/-/rollup-plugin-node-polyfills-0.2.1.tgz"
  integrity sha512-4kCrKPTJ6sK4/gLL/U5QzVT8cxJcofO0OU74tnB19F40cmuAKSzH5/siithxlofFEjwvw1YAhPmbvGNA6jEroA== sha1-UwkqJ0SDcWTVuKKIErpfP/YRCf0=
  dependencies:
    rollup-plugin-inject "^3.0.0"

rollup-pluginutils@^2.8.1:
  version "2.8.2"
  resolved "https://pkgs.dev.azure.com/premier-league/_packaging/pl-Shared/npm/registry/rollup-pluginutils/-/rollup-pluginutils-2.8.2.tgz"
  integrity sha512-EEp9NhnUkwY8aif6bxgovPHMoMoNr2FulJziTndpt5H9RdwC47GSGuII9XxpSdzVGM0GWrNPHV6ie1LTNJPaLQ== sha1-cvKvB0i1kjZNvTOJ5gDlqURKNR4=
  dependencies:
    estree-walker "^0.6.1"

selfsigned@^2.0.1:
  version "2.4.1"
  resolved "https://pkgs.dev.azure.com/premier-league/_packaging/pl-Shared/npm/registry/selfsigned/-/selfsigned-2.4.1.tgz"
  integrity sha512-th5B4L2U+eGLq1TVh7zNRGBapioSORUeymIydxgFpwww9d2qyKvtuPU2jJuHvYAwwqi2Y596QBL3eEqcPEYL8Q== sha1-Vg2QVlRCo+01tnQDTOxOldzrSuA=
  dependencies:
    "@types/node-forge" "^1.3.0"
    node-forge "^1"

source-map@^0.6.1:
  version "0.6.1"
  resolved "https://pkgs.dev.azure.com/premier-league/_packaging/pl-Shared/npm/registry/source-map/-/source-map-0.6.1.tgz"
  integrity sha512-UjgapumWlbMhkBgzT7Ykc5YXUT46F0iKu8SGXq0bcwP5dz/h0Plj6enJqjz1Zbq2l5WaqYnrVbwWOWMyF3F47g== sha1-dHIq8y6WFOnCh6jQu95IteLxomM=

sourcemap-codec@^1.4.8:
  version "1.4.8"
  resolved "https://pkgs.dev.azure.com/premier-league/_packaging/pl-Shared/npm/registry/sourcemap-codec/-/sourcemap-codec-1.4.8.tgz"
  integrity sha512-9NykojV5Uih4lgo5So5dtw+f0JgJX30KCNI8gwhz2J9A15wD0Ml6tjHKwf6fTSa6fAdVBdZeNOs9eJ71qCk8vA== sha1-6oBL2UhXQC5pktBaOO8a41qatMQ=

stacktracey@^2.1.8:
  version "2.1.8"
  resolved "https://pkgs.dev.azure.com/premier-league/_packaging/pl-Shared/npm/registry/stacktracey/-/stacktracey-2.1.8.tgz"
  integrity sha512-Kpij9riA+UNg7TnphqjH7/CzctQ/owJGNbFkfEeve4Z4uxT5+JapVLFXcsurIfN34gnTWZNJ/f7NMG0E8JDzTw== sha1-v5kWAgc4zjcA0TI7Mr0skepxGZ0=
  dependencies:
    as-table "^1.0.36"
    get-source "^2.0.12"

stoppable@^1.1.0:
  version "1.1.0"
  resolved "https://pkgs.dev.azure.com/premier-league/_packaging/pl-Shared/npm/registry/stoppable/-/stoppable-1.1.0.tgz"
  integrity sha512-KXDYZ9dszj6bzvnEMRYvxgeTHU74QBFL54XKtP3nyMuJ81CFYtABZ3bAzL2EdFUaEwJOBOgENyFj3R7oTzDyyw== sha1-MtpWjoPqSIsI5NfqLDvMnXUBXVs=

supports-preserve-symlinks-flag@^1.0.0:
  version "1.0.0"
  resolved "https://pkgs.dev.azure.com/premier-league/_packaging/pl-Shared/npm/registry/supports-preserve-symlinks-flag/-/supports-preserve-symlinks-flag-1.0.0.tgz"
  integrity sha512-ot0WnXS9fgdkgIcePe6RHNk1WA8+muPa6cSjeR3V8K27q9BB1rTE3R1p7Hv0z1ZyAc8s6Vvv8DIyWf681MAt0w== sha1-btpL00SjyUrqN21MwxvHcxEDngk=

toml@^3.0.0:
  version "3.0.0"
  resolved "https://pkgs.dev.azure.com/premier-league/_packaging/pl-Shared/npm/registry/toml/-/toml-3.0.0.tgz"
  integrity sha512-y/mWCZinnvxjTKYhJ+pYxwD0mRLVvOtdS2Awbgxln6iEnt4rk0yBxeSBHkGJcPucRiG0e55mwWp+g/05rsrd6w== sha1-NCFg8a8ZBOydIE0DpdYSItdixe4=

tr46@~0.0.3:
  version "0.0.3"
  resolved "https://pkgs.dev.azure.com/premier-league/_packaging/pl-Shared/npm/registry/tr46/-/tr46-0.0.3.tgz"
  integrity sha512-N3WMsuqV66lT30CrXNbEjx4GEwlow3v6rr4mCcv6prnfwhS01rkgyFdjPNBYd9br7LpXV1+Emh01fHnq2Gdgrw== sha1-gYT9NH2snNwYWZLzpmIuFLnZq2o=

trading212-api@^1.1.0:
  version "1.1.0"
  resolved "https://pkgs.dev.azure.com/premier-league/_packaging/pl-Shared/npm/registry/trading212-api/-/trading212-api-1.1.0.tgz"
  integrity sha512-xbr/JkCWiZB/5rbw5S3VgU6Z15YvcK/SQLzs/x5Sfm8aybnQ9eDAaAT/8LxidbBRF62a2uT4a0NhyVmYaJRRsA== sha1-c5oPVALFewvKyyaGgR7OZAcZDT8=
  dependencies:
    axios "^1.7.2"
    axios-retry "^4.4.1"
    zod "^3.23.8"

tslib@^2.2.0:
  version "2.8.1"
  resolved "https://pkgs.dev.azure.com/premier-league/_packaging/pl-Shared/npm/registry/tslib/-/tslib-2.8.1.tgz"
  integrity sha512-oJFu94HQb+KVduSUQL7wnpmqnfmLsOA/nAh6b6EH0wCEoK0/mPeXU6c3wKDV83MkOuHPRHtSXKKU99IBazS/2w== sha1-YS7+TtI11Wfoq6Xypfq3AoCt6D8=

tsx@^4.19.2:
  version "4.19.2"
  resolved "https://pkgs.dev.azure.com/premier-league/_packaging/pl-Shared/npm/registry/tsx/-/tsx-4.19.2.tgz"
  integrity sha512-pOUl6Vo2LUq/bSa8S5q7b91cgNSjctn9ugq/+Mvow99qW6x/UZYwzxy/3NmqoT66eHYfCVvFvACC58UBPFf28g== sha1-LXgUeDRA4K5CNU0EF9nCmJoq6Sw=
  dependencies:
    esbuild "~0.23.0"
    get-tsconfig "^4.7.5"
  optionalDependencies:
    fsevents "~2.3.3"

ufo@^1.5.4:
  version "1.5.4"
  resolved "https://pkgs.dev.azure.com/premier-league/_packaging/pl-Shared/npm/registry/ufo/-/ufo-1.5.4.tgz"
  integrity sha512-UsUk3byDzKd04EyoZ7U4DOlxQaD14JUKQl6/P7wiX4FNvUfm3XL246n9W5AmqwW5RSFJ27NAuM0iLscAOYUiGQ== sha1-FtaUlnTKDJ4Pu64fogpx17He11Q=

undici-types@~6.19.2:
  version "6.19.8"
  resolved "https://pkgs.dev.azure.com/premier-league/_packaging/pl-Shared/npm/registry/undici-types/-/undici-types-6.19.8.tgz"
  integrity sha512-ve2KP6f/JnbPBFyobGHuerC9g1FYGn/F8n1LWTwNxCEzd6IfqTwUQcNXgEtmmQ6DlRrC1hrSrBnCZPokRrDHjw== sha1-NREcnRQ3q4OnzcCrri8m2I7aCgI=

undici@^5.28.4:
  version "5.28.4"
  resolved "https://pkgs.dev.azure.com/premier-league/_packaging/pl-Shared/npm/registry/undici/-/undici-5.28.4.tgz"
  integrity sha512-72RFADWFqKmUb2hmmvNODKL3p9hcB6Gt2DOQMis1SEBaV6a4MH8soBvzg+95CYhCKPFedut2JY9bMfrDl9D23g== sha1-aygECO22oaYEqbIDQPRbQi43MGg=
  dependencies:
    "@fastify/busboy" "^2.0.0"

"unenv@npm:unenv-nightly@2.0.0-20241024-111401-d4156ac":
  version "2.0.0-20241024-111401-d4156ac"
  resolved "https://pkgs.dev.azure.com/premier-league/_packaging/pl-Shared/npm/registry/unenv-nightly/-/unenv-nightly-2.0.0-20241024-111401-d4156ac.tgz"
  integrity sha512-xJO1hfY+Te+/XnfCYrCbFbRcgu6XEODND1s5wnVbaBCkuQX7JXF7fHEXPrukFE2j8EOH848P8QN19VO47XN8hw== sha1-AAg15zg6zjitMTUdwT5iPSC4KFU=
  dependencies:
    defu "^6.1.4"
    ohash "^1.1.4"
    pathe "^1.1.2"
    ufo "^1.5.4"

webidl-conversions@^3.0.0:
  version "3.0.1"
  resolved "https://pkgs.dev.azure.com/premier-league/_packaging/pl-Shared/npm/registry/webidl-conversions/-/webidl-conversions-3.0.1.tgz"
  integrity sha512-2JAn3z8AR6rjK8Sm8orRC0h/bcl/DqL7tRPdGZ4I1CjdF+EaMLmYxBHyXuKL849eucPFhvBoxMsflfOb8kxaeQ== sha1-JFNCdeKnvGvnvIZhHMFq4KVlSHE=

whatwg-url@^5.0.0:
  version "5.0.0"
  resolved "https://pkgs.dev.azure.com/premier-league/_packaging/pl-Shared/npm/registry/whatwg-url/-/whatwg-url-5.0.0.tgz"
  integrity sha512-saE57nupxk6v3HY35+jzBwYa0rKSy0XR8JSxZPwgLr7ys0IBzhGviA1/TUGJLmSVqs8pb9AnvICXEuOHLprYTw== sha1-lmRU6HZUYuN2RNNib2dCzotwll0=
  dependencies:
    tr46 "~0.0.3"
    webidl-conversions "^3.0.0"

workerd@1.20241106.1:
  version "1.20241106.1"
  resolved "https://pkgs.dev.azure.com/premier-league/_packaging/pl-Shared/npm/registry/workerd/-/workerd-1.20241106.1.tgz"
  integrity sha512-1GdKl0kDw8rrirr/ThcK66Kbl4/jd4h8uHx5g7YHBrnenY5SX1UPuop2cnCzYUxlg55kPjzIqqYslz1muRFgFw== sha1-CPPWP3DNdQofLAZSzXbEhE/gZAk=
  optionalDependencies:
    "@cloudflare/workerd-darwin-64" "1.20241106.1"
    "@cloudflare/workerd-darwin-arm64" "1.20241106.1"
    "@cloudflare/workerd-linux-64" "1.20241106.1"
    "@cloudflare/workerd-linux-arm64" "1.20241106.1"
    "@cloudflare/workerd-windows-64" "1.20241106.1"

wrangler@^3.0.0:
  version "3.87.0"
  resolved "https://pkgs.dev.azure.com/premier-league/_packaging/pl-Shared/npm/registry/wrangler/-/wrangler-3.87.0.tgz"
  integrity sha512-BExktnSLeGgG+uxgnr4h9eZ5nefdpTVcTHR+gEIWRvqk07XL04nJwpPYAOIPKPpB7E2tMdDJgNLGQN/CY6e1xQ== sha1-Pb1HWD9rp0rfa2Ivph8ko0VVjuk=
  dependencies:
    "@cloudflare/kv-asset-handler" "0.3.4"
    "@cloudflare/workers-shared" "0.7.1"
    "@esbuild-plugins/node-globals-polyfill" "^0.2.3"
    "@esbuild-plugins/node-modules-polyfill" "^0.2.2"
    blake3-wasm "^2.1.5"
    chokidar "^4.0.1"
    date-fns "^4.1.0"
    esbuild "0.17.19"
    itty-time "^1.0.6"
    miniflare "3.20241106.0"
    nanoid "^3.3.3"
    path-to-regexp "^6.3.0"
    resolve "^1.22.8"
    resolve.exports "^2.0.2"
    selfsigned "^2.0.1"
    source-map "^0.6.1"
    unenv "npm:unenv-nightly@2.0.0-20241024-111401-d4156ac"
    workerd "1.20241106.1"
    xxhash-wasm "^1.0.1"
  optionalDependencies:
    fsevents "~2.3.2"

ws@^8.18.0:
  version "8.18.0"
  resolved "https://pkgs.dev.azure.com/premier-league/_packaging/pl-Shared/npm/registry/ws/-/ws-8.18.0.tgz"
  integrity sha512-8VbfWfHLbbwu3+N6OKsOMpBdT4kXPDDB9cJk2bJ6mh9ucxdlnNvH1e+roYkKmN9Nxw2yjz7VzeO9oOz2zJ04Pw== sha1-DXUFpur+Kw5xLSMrQiefU7wom7w=

xxhash-wasm@^1.0.1:
  version "1.0.2"
  resolved "https://pkgs.dev.azure.com/premier-league/_packaging/pl-Shared/npm/registry/xxhash-wasm/-/xxhash-wasm-1.0.2.tgz"
  integrity sha512-ibF0Or+FivM9lNrg+HGJfVX8WJqgo+kCLDc4vx6xMeTce7Aj+DLttKbxxRR/gNLSAelRc1omAPlJ77N/Jem07A== sha1-7MD4EyGbcnr01fOVjKa+zuLy8f8=

ynab@^2.2.0:
  version "2.6.0"
  resolved "https://pkgs.dev.azure.com/premier-league/_packaging/pl-Shared/npm/registry/ynab/-/ynab-2.6.0.tgz"
  integrity sha512-F/CCvq1ITO0t9k57WNEgb+TS8Cy4h7iZ0AQ6uuIWiagAOHbEzLxPOpW+JAEnuRg8GLzvSzScseGthCNfiwHasw== sha1-SCZBGWLNBf1EqNlG89CEPWy81y8=
  dependencies:
    fetch-ponyfill "^7.1.0"

youch@^3.2.2:
  version "3.3.4"
  resolved "https://pkgs.dev.azure.com/premier-league/_packaging/pl-Shared/npm/registry/youch/-/youch-3.3.4.tgz"
  integrity sha512-UeVBXie8cA35DS6+nBkls68xaBBXCye0CNznrhszZjTbRVnJKQuNsyLKBTTL4ln1o1rh2PKtv35twV7irj5SEg== sha1-8T7glmhGxiAOf7ns6JMG2V315Ik=
  dependencies:
    cookie "^0.7.1"
    mustache "^4.2.0"
    stacktracey "^2.1.8"

zod@^3.22.3, zod@^3.23.8:
  version "3.23.8"
  resolved "https://pkgs.dev.azure.com/premier-league/_packaging/pl-Shared/npm/registry/zod/-/zod-3.23.8.tgz"
  integrity sha512-XBx9AXhXktjUqnepgTiE5flcKIYWi/rme0Eaj+5Y0lftuGBq+jyRu/md4WnuxqgP1ubdpNCsYEYPxrzVHD8d6g== sha1-43uVe11SB5dp+4CXCZtZLw70Bn0=
